github.com/gocarina/gocsv v0.0.0-20220914091333-ceebdd90b590 h1:kIpPkB0pou96A3BcLtWVtyPyX4Egz+8kcpjCkjmLwvc=
github.com/gocarina/gocsv v0.0.0-20220914091333-ceebdd90b590/go.mod h1:5YoVOkjYAQumqlV356Hj3xeYh4BdZuLE0/nRkf2NKkI=
github.com/jinzhu/copier v0.3.5 h1:GlvfUwHk62RokgqVNvYsku0TATCF7bAHVwEXoBh3iJg=
github.com/jinzhu/copier v0.3.5/go.mod h1:DfbEm0FYsaqBcKcFuvmOZb218JkPGtvSHsKg8S8hyyg=
